
Microsoft Visual Studio Solution File, Format Version 12.00
# Visual Studio Version 16
VisualStudioVersion = 16.0.29020.237
MinimumVisualStudioVersion = 10.0.40219.1
Project("{FAE04EC0-301F-11D3-BF4B-00C04F79EFBC}") = "AzureUpload", "AzureUpload.csproj", "{46BDC101-4411-4195-BE8D-22868D20389C}"
EndProject
Global
	GlobalSection(SolutionConfigurationPlatforms) = preSolution
		Debug|Any CPU = Debug|Any CPU
		Release|Any CPU = Release|Any CPU
	EndGlobalSection
	GlobalSection(ProjectConfigurationPlatforms) = postSolution
		{46BDC101-4411-4195-BE8D-22868D20389C}.Debug|Any CPU.ActiveCfg = Debug|Any CPU
		{46BDC101-4411-4195-BE8D-22868D20389C}.Debug|Any CPU.Build.0 = Debug|Any CPU
		{46BDC101-4411-4195-BE8D-22868D20389C}.Release|Any CPU.ActiveCfg = Release|Any CPU
		{46BDC101-4411-4195-BE8D-22868D20389C}.Release|Any CPU.Build.0 = Release|Any CPU
	EndGlobalSection
	GlobalSection(SolutionProperties) = preSolution
		HideSolutionNode = FALSE
	EndGlobalSection
	GlobalSection(ExtensibilityGlobals) = postSolution
		SolutionGuid = {277639FA-49AE-449D-9988-BBAC48CC9246}
	EndGlobalSection
EndGlobal
