
Microsoft Visual Studio Solution File, Format Version 12.00
# Visual Studio Version 16
VisualStudioVersion = 16.0.29020.237
MinimumVisualStudioVersion = 10.0.40219.1
Project("{FAE04EC0-301F-11D3-BF4B-00C04F79EFBC}") = "CreateLoginWindow", "CreateLoginWindow.csproj", "{62AC5525-DB1C-4F3F-8709-E63EB9BE0C62}"
EndProject
Global
	GlobalSection(SolutionConfigurationPlatforms) = preSolution
		Debug|Any CPU = Debug|Any CPU
		Release|Any CPU = Release|Any CPU
	EndGlobalSection
	GlobalSection(ProjectConfigurationPlatforms) = postSolution
		{62AC5525-DB1C-4F3F-8709-E63EB9BE0C62}.Debug|Any CPU.ActiveCfg = Debug|Any CPU
		{62AC5525-DB1C-4F3F-8709-E63EB9BE0C62}.Debug|Any CPU.Build.0 = Debug|Any CPU
		{62AC5525-DB1C-4F3F-8709-E63EB9BE0C62}.Release|Any CPU.ActiveCfg = Release|Any CPU
		{62AC5525-DB1C-4F3F-8709-E63EB9BE0C62}.Release|Any CPU.Build.0 = Release|Any CPU
	EndGlobalSection
	GlobalSection(SolutionProperties) = preSolution
		HideSolutionNode = FALSE
	EndGlobalSection
	GlobalSection(ExtensibilityGlobals) = postSolution
		SolutionGuid = {E5FA9FAC-8A04-48E0-953A-11AFE0BA0C29}
	EndGlobalSection
EndGlobal
